
Microsoft Visual Studio Solution File, Format Version 12.00
# Visual Studio Version 16
VisualStudioVersion = 16.0.31321.278
MinimumVisualStudioVersion = 10.0.40219.1
Project("{FAE04EC0-301F-11D3-BF4B-00C04F79EFBC}") = "MobileBangMailDetector.Android", "MobileBangMailDetector\MobileBangMailDetector.Android\MobileBangMailDetector.Android.csproj", "{76031C3D-95E1-4AC2-B154-7CF25D2499B4}"
EndProject
Project("{FAE04EC0-301F-11D3-BF4B-00C04F79EFBC}") = "MobileBangMailDetector.iOS", "MobileBangMailDetector\MobileBangMailDetector.iOS\MobileBangMailDetector.iOS.csproj", "{A5306B2D-5F21-4E25-A363-D6DBA10C4188}"
EndProject
Project("{FAE04EC0-301F-11D3-BF4B-00C04F79EFBC}") = "MobileBangMailDetector", "MobileBangMailDetector\MobileBangMailDetector\MobileBangMailDetector.csproj", "{6CE17E54-AC5E-4871-A942-30044296D8BE}"
EndProject
Global
	GlobalSection(SolutionConfigurationPlatforms) = preSolution
		Debug|Any CPU = Debug|Any CPU
		Debug|iPhone = Debug|iPhone
		Debug|iPhoneSimulator = Debug|iPhoneSimulator
		Release|Any CPU = Release|Any CPU
		Release|iPhone = Release|iPhone
		Release|iPhoneSimulator = Release|iPhoneSimulator
	EndGlobalSection
	GlobalSection(ProjectConfigurationPlatforms) = postSolution
		{76031C3D-95E1-4AC2-B154-7CF25D2499B4}.Debug|Any CPU.ActiveCfg = Debug|Any CPU
		{76031C3D-95E1-4AC2-B154-7CF25D2499B4}.Debug|Any CPU.Build.0 = Debug|Any CPU
		{76031C3D-95E1-4AC2-B154-7CF25D2499B4}.Debug|Any CPU.Deploy.0 = Debug|Any CPU
		{76031C3D-95E1-4AC2-B154-7CF25D2499B4}.Debug|iPhone.ActiveCfg = Debug|Any CPU
		{76031C3D-95E1-4AC2-B154-7CF25D2499B4}.Debug|iPhone.Build.0 = Debug|Any CPU
		{76031C3D-95E1-4AC2-B154-7CF25D2499B4}.Debug|iPhone.Deploy.0 = Debug|Any CPU
		{76031C3D-95E1-4AC2-B154-7CF25D2499B4}.Debug|iPhoneSimulator.ActiveCfg = Debug|Any CPU
		{76031C3D-95E1-4AC2-B154-7CF25D2499B4}.Debug|iPhoneSimulator.Build.0 = Debug|Any CPU
		{76031C3D-95E1-4AC2-B154-7CF25D2499B4}.Debug|iPhoneSimulator.Deploy.0 = Debug|Any CPU
		{76031C3D-95E1-4AC2-B154-7CF25D2499B4}.Release|Any CPU.ActiveCfg = Release|Any CPU
		{76031C3D-95E1-4AC2-B154-7CF25D2499B4}.Release|Any CPU.Build.0 = Release|Any CPU
		{76031C3D-95E1-4AC2-B154-7CF25D2499B4}.Release|Any CPU.Deploy.0 = Release|Any CPU
		{76031C3D-95E1-4AC2-B154-7CF25D2499B4}.Release|iPhone.ActiveCfg = Release|Any CPU
		{76031C3D-95E1-4AC2-B154-7CF25D2499B4}.Release|iPhone.Build.0 = Release|Any CPU
		{76031C3D-95E1-4AC2-B154-7CF25D2499B4}.Release|iPhone.Deploy.0 = Release|Any CPU
		{76031C3D-95E1-4AC2-B154-7CF25D2499B4}.Release|iPhoneSimulator.ActiveCfg = Release|Any CPU
		{76031C3D-95E1-4AC2-B154-7CF25D2499B4}.Release|iPhoneSimulator.Build.0 = Release|Any CPU
		{76031C3D-95E1-4AC2-B154-7CF25D2499B4}.Release|iPhoneSimulator.Deploy.0 = Release|Any CPU
		{A5306B2D-5F21-4E25-A363-D6DBA10C4188}.Debug|Any CPU.ActiveCfg = Debug|iPhone
		{A5306B2D-5F21-4E25-A363-D6DBA10C4188}.Debug|Any CPU.Build.0 = Debug|iPhone
		{A5306B2D-5F21-4E25-A363-D6DBA10C4188}.Debug|Any CPU.Deploy.0 = Debug|iPhone
		{A5306B2D-5F21-4E25-A363-D6DBA10C4188}.Debug|iPhone.ActiveCfg = Debug|iPhone
		{A5306B2D-5F21-4E25-A363-D6DBA10C4188}.Debug|iPhone.Build.0 = Debug|iPhone
		{A5306B2D-5F21-4E25-A363-D6DBA10C4188}.Debug|iPhone.Deploy.0 = Debug|iPhone
		{A5306B2D-5F21-4E25-A363-D6DBA10C4188}.Debug|iPhoneSimulator.ActiveCfg = Debug|iPhoneSimulator
		{A5306B2D-5F21-4E25-A363-D6DBA10C4188}.Debug|iPhoneSimulator.Build.0 = Debug|iPhoneSimulator
		{A5306B2D-5F21-4E25-A363-D6DBA10C4188}.Debug|iPhoneSimulator.Deploy.0 = Debug|iPhoneSimulator
		{A5306B2D-5F21-4E25-A363-D6DBA10C4188}.Release|Any CPU.ActiveCfg = Release|iPhoneSimulator
		{A5306B2D-5F21-4E25-A363-D6DBA10C4188}.Release|Any CPU.Build.0 = Release|iPhoneSimulator
		{A5306B2D-5F21-4E25-A363-D6DBA10C4188}.Release|Any CPU.Deploy.0 = Release|iPhoneSimulator
		{A5306B2D-5F21-4E25-A363-D6DBA10C4188}.Release|iPhone.ActiveCfg = Release|iPhone
		{A5306B2D-5F21-4E25-A363-D6DBA10C4188}.Release|iPhone.Build.0 = Release|iPhone
		{A5306B2D-5F21-4E25-A363-D6DBA10C4188}.Release|iPhone.Deploy.0 = Release|iPhone
		{A5306B2D-5F21-4E25-A363-D6DBA10C4188}.Release|iPhoneSimulator.ActiveCfg = Release|iPhoneSimulator
		{A5306B2D-5F21-4E25-A363-D6DBA10C4188}.Release|iPhoneSimulator.Build.0 = Release|iPhoneSimulator
		{A5306B2D-5F21-4E25-A363-D6DBA10C4188}.Release|iPhoneSimulator.Deploy.0 = Release|iPhoneSimulator
		{6CE17E54-AC5E-4871-A942-30044296D8BE}.Debug|Any CPU.ActiveCfg = Debug|Any CPU
		{6CE17E54-AC5E-4871-A942-30044296D8BE}.Debug|Any CPU.Build.0 = Debug|Any CPU
		{6CE17E54-AC5E-4871-A942-30044296D8BE}.Debug|Any CPU.Deploy.0 = Debug|Any CPU
		{6CE17E54-AC5E-4871-A942-30044296D8BE}.Debug|iPhone.ActiveCfg = Debug|Any CPU
		{6CE17E54-AC5E-4871-A942-30044296D8BE}.Debug|iPhone.Build.0 = Debug|Any CPU
		{6CE17E54-AC5E-4871-A942-30044296D8BE}.Debug|iPhone.Deploy.0 = Debug|Any CPU
		{6CE17E54-AC5E-4871-A942-30044296D8BE}.Debug|iPhoneSimulator.ActiveCfg = Debug|Any CPU
		{6CE17E54-AC5E-4871-A942-30044296D8BE}.Debug|iPhoneSimulator.Build.0 = Debug|Any CPU
		{6CE17E54-AC5E-4871-A942-30044296D8BE}.Debug|iPhoneSimulator.Deploy.0 = Debug|Any CPU
		{6CE17E54-AC5E-4871-A942-30044296D8BE}.Release|Any CPU.ActiveCfg = Release|Any CPU
		{6CE17E54-AC5E-4871-A942-30044296D8BE}.Release|Any CPU.Build.0 = Release|Any CPU
		{6CE17E54-AC5E-4871-A942-30044296D8BE}.Release|Any CPU.Deploy.0 = Release|Any CPU
		{6CE17E54-AC5E-4871-A942-30044296D8BE}.Release|iPhone.ActiveCfg = Release|Any CPU
		{6CE17E54-AC5E-4871-A942-30044296D8BE}.Release|iPhone.Build.0 = Release|Any CPU
		{6CE17E54-AC5E-4871-A942-30044296D8BE}.Release|iPhone.Deploy.0 = Release|Any CPU
		{6CE17E54-AC5E-4871-A942-30044296D8BE}.Release|iPhoneSimulator.ActiveCfg = Release|Any CPU
		{6CE17E54-AC5E-4871-A942-30044296D8BE}.Release|iPhoneSimulator.Build.0 = Release|Any CPU
		{6CE17E54-AC5E-4871-A942-30044296D8BE}.Release|iPhoneSimulator.Deploy.0 = Release|Any CPU
	EndGlobalSection
	GlobalSection(SolutionProperties) = preSolution
		HideSolutionNode = FALSE
	EndGlobalSection
	GlobalSection(ExtensibilityGlobals) = postSolution
		SolutionGuid = {7C75CD5B-8B0F-4F1A-8C7D-AF892B4987B5}
	EndGlobalSection
EndGlobal
